
Microsoft Visual Studio Solution File, Format Version 12.00
# Visual Studio Version 16
VisualStudioVersion = 16.0.30804.86
MinimumVisualStudioVersion = 10.0.40219.1
Project("{FAE04EC0-301F-11D3-BF4B-00C04F79EFBC}") = "Serie IV", "Serie IV.csproj", "{E8A7A5EB-7AFF-40EA-B551-601A0329DDED}"
EndProject
Project("{FAE04EC0-301F-11D3-BF4B-00C04F79EFBC}") = "Serie III", "..\Serie III\Serie III.csproj", "{43CB896E-FEDE-4801-9BFE-0985A8144A15}"
EndProject
Global
	GlobalSection(SolutionConfigurationPlatforms) = preSolution
		Debug|Any CPU = Debug|Any CPU
		Release|Any CPU = Release|Any CPU
	EndGlobalSection
	GlobalSection(ProjectConfigurationPlatforms) = postSolution
		{E8A7A5EB-7AFF-40EA-B551-601A0329DDED}.Debug|Any CPU.ActiveCfg = Debug|Any CPU
		{E8A7A5EB-7AFF-40EA-B551-601A0329DDED}.Debug|Any CPU.Build.0 = Debug|Any CPU
		{E8A7A5EB-7AFF-40EA-B551-601A0329DDED}.Release|Any CPU.ActiveCfg = Release|Any CPU
		{E8A7A5EB-7AFF-40EA-B551-601A0329DDED}.Release|Any CPU.Build.0 = Release|Any CPU
		{43CB896E-FEDE-4801-9BFE-0985A8144A15}.Debug|Any CPU.ActiveCfg = Debug|Any CPU
		{43CB896E-FEDE-4801-9BFE-0985A8144A15}.Debug|Any CPU.Build.0 = Debug|Any CPU
		{43CB896E-FEDE-4801-9BFE-0985A8144A15}.Release|Any CPU.ActiveCfg = Release|Any CPU
		{43CB896E-FEDE-4801-9BFE-0985A8144A15}.Release|Any CPU.Build.0 = Release|Any CPU
	EndGlobalSection
	GlobalSection(SolutionProperties) = preSolution
		HideSolutionNode = FALSE
	EndGlobalSection
	GlobalSection(ExtensibilityGlobals) = postSolution
		SolutionGuid = {907BC0EF-ABD2-4E03-95D0-C8B60850E473}
	EndGlobalSection
EndGlobal
